
Microsoft Visual Studio Solution File, Format Version 12.00
# Visual Studio Version 17
VisualStudioVersion = 17.5.002.0
MinimumVisualStudioVersion = 10.0.40219.1
Project("{9A19103F-16F7-4668-BE54-9A1E7A4F7556}") = "APL2003", "APL2003.csproj", "{CC200B65-385B-4B34-8CB0-2662CF2328B0}"
EndProject
Global
	GlobalSection(SolutionConfigurationPlatforms) = preSolution
		Debug|Any CPU = Debug|Any CPU
		Release|Any CPU = Release|Any CPU
	EndGlobalSection
	GlobalSection(ProjectConfigurationPlatforms) = postSolution
		{CC200B65-385B-4B34-8CB0-2662CF2328B0}.Debug|Any CPU.ActiveCfg = Debug|Any CPU
		{CC200B65-385B-4B34-8CB0-2662CF2328B0}.Debug|Any CPU.Build.0 = Debug|Any CPU
		{CC200B65-385B-4B34-8CB0-2662CF2328B0}.Release|Any CPU.ActiveCfg = Release|Any CPU
		{CC200B65-385B-4B34-8CB0-2662CF2328B0}.Release|Any CPU.Build.0 = Release|Any CPU
	EndGlobalSection
	GlobalSection(SolutionProperties) = preSolution
		HideSolutionNode = FALSE
	EndGlobalSection
	GlobalSection(ExtensibilityGlobals) = postSolution
		SolutionGuid = {E85FA7EA-D772-4A6A-81FA-E6BAE2BADE13}
	EndGlobalSection
EndGlobal
